
Microsoft Visual Studio Solution File, Format Version 12.00
# Visual Studio 15
VisualStudioVersion = 15.0.28010.2050
MinimumVisualStudioVersion = 10.0.40219.1
Project("{FAE04EC0-301F-11D3-BF4B-00C04F79EFBC}") = "EFCodeFirst_01", "EFCodeFirst_01\EFCodeFirst_01.csproj", "{B4D81873-BF13-4171-B540-AA737344E9A5}"
EndProject
Global
	GlobalSection(SolutionConfigurationPlatforms) = preSolution
		Debug|Any CPU = Debug|Any CPU
		Release|Any CPU = Release|Any CPU
	EndGlobalSection
	GlobalSection(ProjectConfigurationPlatforms) = postSolution
		{B4D81873-BF13-4171-B540-AA737344E9A5}.Debug|Any CPU.ActiveCfg = Debug|Any CPU
		{B4D81873-BF13-4171-B540-AA737344E9A5}.Debug|Any CPU.Build.0 = Debug|Any CPU
		{B4D81873-BF13-4171-B540-AA737344E9A5}.Release|Any CPU.ActiveCfg = Release|Any CPU
		{B4D81873-BF13-4171-B540-AA737344E9A5}.Release|Any CPU.Build.0 = Release|Any CPU
	EndGlobalSection
	GlobalSection(SolutionProperties) = preSolution
		HideSolutionNode = FALSE
	EndGlobalSection
	GlobalSection(ExtensibilityGlobals) = postSolution
		SolutionGuid = {AB49D8D6-E08A-4080-BD0F-840B87D56A1F}
	EndGlobalSection
EndGlobal
